
Microsoft Visual Studio Solution File, Format Version 12.00
# Visual Studio Version 16
VisualStudioVersion = 16.0.29613.14
MinimumVisualStudioVersion = 10.0.40219.1
Project("{FAE04EC0-301F-11D3-BF4B-00C04F79EFBC}") = "BankTermDepositPredictor", "BankTermDepositPredictor\BankTermDepositPredictor.csproj", "{322256D0-8C82-4AC1-8189-E2CEFD0F846C}"
EndProject
Global
	GlobalSection(SolutionConfigurationPlatforms) = preSolution
		Debug|Any CPU = Debug|Any CPU
		Release|Any CPU = Release|Any CPU
	EndGlobalSection
	GlobalSection(ProjectConfigurationPlatforms) = postSolution
		{322256D0-8C82-4AC1-8189-E2CEFD0F846C}.Debug|Any CPU.ActiveCfg = Debug|Any CPU
		{322256D0-8C82-4AC1-8189-E2CEFD0F846C}.Debug|Any CPU.Build.0 = Debug|Any CPU
		{322256D0-8C82-4AC1-8189-E2CEFD0F846C}.Release|Any CPU.ActiveCfg = Release|Any CPU
		{322256D0-8C82-4AC1-8189-E2CEFD0F846C}.Release|Any CPU.Build.0 = Release|Any CPU
	EndGlobalSection
	GlobalSection(SolutionProperties) = preSolution
		HideSolutionNode = FALSE
	EndGlobalSection
	GlobalSection(ExtensibilityGlobals) = postSolution
		SolutionGuid = {B4A454A0-3289-4A7D-837B-4F9CF4C18B3D}
	EndGlobalSection
EndGlobal
