
Microsoft Visual Studio Solution File, Format Version 12.00
# Visual Studio Version 16
VisualStudioVersion = 16.0.29613.14
MinimumVisualStudioVersion = 10.0.40219.1
Project("{FAE04EC0-301F-11D3-BF4B-00C04F79EFBC}") = "SET.ExpenseTracker", "ExpenseTracker\SET.ExpenseTracker.csproj", "{CA712DB0-3FE6-4EEA-BF1E-9A523235D63A}"
EndProject
Project("{FAE04EC0-301F-11D3-BF4B-00C04F79EFBC}") = "SET.DataAccess", "SET.DataAccess\SET.DataAccess.csproj", "{E0B85680-112B-4D85-9703-A00F4D97F815}"
EndProject
Project("{FAE04EC0-301F-11D3-BF4B-00C04F79EFBC}") = "SET.BusinessLogic", "SET.BusinessLogic\SET.BusinessLogic.csproj", "{99571211-FFEA-4EF1-8181-37991BA55D8A}"
EndProject
Project("{FAE04EC0-301F-11D3-BF4B-00C04F79EFBC}") = "SET.BusinessEntity", "SET.BusinessEntity\SET.BusinessEntity.csproj", "{75A727CE-1206-4AA0-99A5-AD21B37CB09F}"
EndProject
Global
	GlobalSection(SolutionConfigurationPlatforms) = preSolution
		Debug|Any CPU = Debug|Any CPU
		Release|Any CPU = Release|Any CPU
	EndGlobalSection
	GlobalSection(ProjectConfigurationPlatforms) = postSolution
		{CA712DB0-3FE6-4EEA-BF1E-9A523235D63A}.Debug|Any CPU.ActiveCfg = Debug|Any CPU
		{CA712DB0-3FE6-4EEA-BF1E-9A523235D63A}.Debug|Any CPU.Build.0 = Debug|Any CPU
		{CA712DB0-3FE6-4EEA-BF1E-9A523235D63A}.Release|Any CPU.ActiveCfg = Release|Any CPU
		{CA712DB0-3FE6-4EEA-BF1E-9A523235D63A}.Release|Any CPU.Build.0 = Release|Any CPU
		{E0B85680-112B-4D85-9703-A00F4D97F815}.Debug|Any CPU.ActiveCfg = Debug|Any CPU
		{E0B85680-112B-4D85-9703-A00F4D97F815}.Debug|Any CPU.Build.0 = Debug|Any CPU
		{E0B85680-112B-4D85-9703-A00F4D97F815}.Release|Any CPU.ActiveCfg = Release|Any CPU
		{E0B85680-112B-4D85-9703-A00F4D97F815}.Release|Any CPU.Build.0 = Release|Any CPU
		{99571211-FFEA-4EF1-8181-37991BA55D8A}.Debug|Any CPU.ActiveCfg = Debug|Any CPU
		{99571211-FFEA-4EF1-8181-37991BA55D8A}.Debug|Any CPU.Build.0 = Debug|Any CPU
		{99571211-FFEA-4EF1-8181-37991BA55D8A}.Release|Any CPU.ActiveCfg = Release|Any CPU
		{99571211-FFEA-4EF1-8181-37991BA55D8A}.Release|Any CPU.Build.0 = Release|Any CPU
		{75A727CE-1206-4AA0-99A5-AD21B37CB09F}.Debug|Any CPU.ActiveCfg = Debug|Any CPU
		{75A727CE-1206-4AA0-99A5-AD21B37CB09F}.Debug|Any CPU.Build.0 = Debug|Any CPU
		{75A727CE-1206-4AA0-99A5-AD21B37CB09F}.Release|Any CPU.ActiveCfg = Release|Any CPU
		{75A727CE-1206-4AA0-99A5-AD21B37CB09F}.Release|Any CPU.Build.0 = Release|Any CPU
	EndGlobalSection
	GlobalSection(SolutionProperties) = preSolution
		HideSolutionNode = FALSE
	EndGlobalSection
	GlobalSection(ExtensibilityGlobals) = postSolution
		SolutionGuid = {1BD77C06-5C32-45AE-819A-FEB69DD69F27}
	EndGlobalSection
EndGlobal
