
Microsoft Visual Studio Solution File, Format Version 12.00
# Visual Studio Version 16
VisualStudioVersion = 16.0.29613.14
MinimumVisualStudioVersion = 10.0.40219.1
Project("{FAE04EC0-301F-11D3-BF4B-00C04F79EFBC}") = "LPRDetection", "LPRDetection\LPRDetection.csproj", "{5D558A73-5FFD-49B0-B560-496EB4BFD261}"
EndProject
Global
	GlobalSection(SolutionConfigurationPlatforms) = preSolution
		Debug|Any CPU = Debug|Any CPU
		Release|Any CPU = Release|Any CPU
	EndGlobalSection
	GlobalSection(ProjectConfigurationPlatforms) = postSolution
		{5D558A73-5FFD-49B0-B560-496EB4BFD261}.Debug|Any CPU.ActiveCfg = Debug|Any CPU
		{5D558A73-5FFD-49B0-B560-496EB4BFD261}.Debug|Any CPU.Build.0 = Debug|Any CPU
		{5D558A73-5FFD-49B0-B560-496EB4BFD261}.Release|Any CPU.ActiveCfg = Release|Any CPU
		{5D558A73-5FFD-49B0-B560-496EB4BFD261}.Release|Any CPU.Build.0 = Release|Any CPU
	EndGlobalSection
	GlobalSection(SolutionProperties) = preSolution
		HideSolutionNode = FALSE
	EndGlobalSection
	GlobalSection(ExtensibilityGlobals) = postSolution
		SolutionGuid = {E18F9384-0A47-4091-A35A-D36973FD205D}
	EndGlobalSection
EndGlobal
